
Microsoft Visual Studio Solution File, Format Version 12.00
# Visual Studio Version 17
VisualStudioVersion = 17.12.35521.163
MinimumVisualStudioVersion = 10.0.40219.1
Project("{2150E333-8FDC-42A3-9474-1A3956D46DE8}") = "src", "src", "{3E84047A-3B48-45D2-8812-A2D5099A9731}"
EndProject
Project("{2150E333-8FDC-42A3-9474-1A3956D46DE8}") = "test", "test", "{69B5B8DE-321A-4D70-9954-A86CD5DFD2E9}"
EndProject
Project("{FAE04EC0-301F-11D3-BF4B-00C04F79EFBC}") = "Santander.HackerNews.Application", "src\Santander.HackerNews.Application\Santander.HackerNews.Application.csproj", "{E6DF64A5-5F1A-41C8-8CC5-0F97C60D0527}"
EndProject
Project("{FAE04EC0-301F-11D3-BF4B-00C04F79EFBC}") = "Santander.HackerNews.Domain", "src\Santander.HackerNews.Domain\Santander.HackerNews.Domain.csproj", "{124DA30C-8811-4A86-8B68-ABDFD60D4701}"
EndProject
Project("{FAE04EC0-301F-11D3-BF4B-00C04F79EFBC}") = "Santander.HackerNews.Infrastructure", "src\Santander.HackerNews.Infrastructure\Santander.HackerNews.Infrastructure.csproj", "{7729929C-9549-40CB-BEEE-B57FE135A222}"
EndProject
Project("{FAE04EC0-301F-11D3-BF4B-00C04F79EFBC}") = "Santander.HackerNews.Api", "src\Santander.HackerNews.Api\Santander.HackerNews.Api.csproj", "{C340CAC3-9251-4413-B6BF-DC4EC6C752A4}"
EndProject
Project("{2150E333-8FDC-42A3-9474-1A3956D46DE8}") = "Solution Items", "Solution Items", "{B2F5AC96-851F-4265-9679-368E7ECAA937}"
	ProjectSection(SolutionItems) = preProject
		..\README.md = ..\README.md
	EndProjectSection
EndProject
Project("{FAE04EC0-301F-11D3-BF4B-00C04F79EFBC}") = "Santander.HackerNews.Application.UnitTest", "test\Santander.HackerNews.Application.UnitTest\Santander.HackerNews.Application.UnitTest.csproj", "{4FCBB793-4219-4C40-8355-2E60D2C7C65F}"
EndProject
Global
	GlobalSection(SolutionConfigurationPlatforms) = preSolution
		Debug|Any CPU = Debug|Any CPU
		Release|Any CPU = Release|Any CPU
	EndGlobalSection
	GlobalSection(ProjectConfigurationPlatforms) = postSolution
		{E6DF64A5-5F1A-41C8-8CC5-0F97C60D0527}.Debug|Any CPU.ActiveCfg = Debug|Any CPU
		{E6DF64A5-5F1A-41C8-8CC5-0F97C60D0527}.Debug|Any CPU.Build.0 = Debug|Any CPU
		{E6DF64A5-5F1A-41C8-8CC5-0F97C60D0527}.Release|Any CPU.ActiveCfg = Release|Any CPU
		{E6DF64A5-5F1A-41C8-8CC5-0F97C60D0527}.Release|Any CPU.Build.0 = Release|Any CPU
		{124DA30C-8811-4A86-8B68-ABDFD60D4701}.Debug|Any CPU.ActiveCfg = Debug|Any CPU
		{124DA30C-8811-4A86-8B68-ABDFD60D4701}.Debug|Any CPU.Build.0 = Debug|Any CPU
		{124DA30C-8811-4A86-8B68-ABDFD60D4701}.Release|Any CPU.ActiveCfg = Release|Any CPU
		{124DA30C-8811-4A86-8B68-ABDFD60D4701}.Release|Any CPU.Build.0 = Release|Any CPU
		{7729929C-9549-40CB-BEEE-B57FE135A222}.Debug|Any CPU.ActiveCfg = Debug|Any CPU
		{7729929C-9549-40CB-BEEE-B57FE135A222}.Debug|Any CPU.Build.0 = Debug|Any CPU
		{7729929C-9549-40CB-BEEE-B57FE135A222}.Release|Any CPU.ActiveCfg = Release|Any CPU
		{7729929C-9549-40CB-BEEE-B57FE135A222}.Release|Any CPU.Build.0 = Release|Any CPU
		{C340CAC3-9251-4413-B6BF-DC4EC6C752A4}.Debug|Any CPU.ActiveCfg = Debug|Any CPU
		{C340CAC3-9251-4413-B6BF-DC4EC6C752A4}.Debug|Any CPU.Build.0 = Debug|Any CPU
		{C340CAC3-9251-4413-B6BF-DC4EC6C752A4}.Release|Any CPU.ActiveCfg = Release|Any CPU
		{C340CAC3-9251-4413-B6BF-DC4EC6C752A4}.Release|Any CPU.Build.0 = Release|Any CPU
		{4FCBB793-4219-4C40-8355-2E60D2C7C65F}.Debug|Any CPU.ActiveCfg = Debug|Any CPU
		{4FCBB793-4219-4C40-8355-2E60D2C7C65F}.Debug|Any CPU.Build.0 = Debug|Any CPU
		{4FCBB793-4219-4C40-8355-2E60D2C7C65F}.Release|Any CPU.ActiveCfg = Release|Any CPU
		{4FCBB793-4219-4C40-8355-2E60D2C7C65F}.Release|Any CPU.Build.0 = Release|Any CPU
	EndGlobalSection
	GlobalSection(SolutionProperties) = preSolution
		HideSolutionNode = FALSE
	EndGlobalSection
	GlobalSection(NestedProjects) = preSolution
		{E6DF64A5-5F1A-41C8-8CC5-0F97C60D0527} = {3E84047A-3B48-45D2-8812-A2D5099A9731}
		{124DA30C-8811-4A86-8B68-ABDFD60D4701} = {3E84047A-3B48-45D2-8812-A2D5099A9731}
		{7729929C-9549-40CB-BEEE-B57FE135A222} = {3E84047A-3B48-45D2-8812-A2D5099A9731}
		{C340CAC3-9251-4413-B6BF-DC4EC6C752A4} = {3E84047A-3B48-45D2-8812-A2D5099A9731}
		{4FCBB793-4219-4C40-8355-2E60D2C7C65F} = {69B5B8DE-321A-4D70-9954-A86CD5DFD2E9}
	EndGlobalSection
EndGlobal
